{
    "_meta": {
        "hash": {
            "sha256": "162e9ca04b02a3d680ffef5c98a27703933e2d3844a29135a31b4694fedbb524"
        },
        "pipfile-spec": 6,
        "requires": {},
        "sources": [
            {
                "name": "pypi",
                "url": "https://pypi.python.org/simple",
                "verify_ssl": true
            }
        ]
    },
    "default": {
        "simple-settings": {
            "hashes": [
                "sha256:b47bedc64eedade60553ca2125c9cbd60610077ae216a17679611c06fc93a8e1",
                "sha256:cdf6cbdbb4561fa67c0041dedf89c0ff335338c0a018f0bcbabf91ae087d6def"
            ],
            "index": "pypi",
            "version": "==0.13.0"
        },
        "tinydb": {
            "hashes": [
                "sha256:88793016ba94267e3606372e1564d4e797eae855acd5a48352011bfdcf8ee7ad",
                "sha256:ac9370ca9f0f93fb868e8a35b62685f4a0f50c0b6a851eacaa72a509ba4eeffc"
            ],
            "index": "pypi",
            "version": "==3.9.0.post1"
        }
    },
    "develop": {
        "atomicwrites": {
            "hashes": [
                "sha256:240831ea22da9ab882b551b31d4225591e5e447a68c5e188db5b89ca1d487585",
                "sha256:a24da68318b08ac9c9c45029f4a10371ab5b20e4226738e150e6e7c571630ae6"
            ],
            "version": "==1.1.5"
        },
        "attrs": {
            "hashes": [
                "sha256:4b90b09eeeb9b88c35bc642cbac057e45a5fd85367b985bd2809c62b7b939265",
                "sha256:e0d0eb91441a3b53dab4d9b743eafc1ac44476296a2053b6ca3af0b139faf87b"
            ],
            "version": "==18.1.0"
        },
        "more-itertools": {
            "hashes": [
                "sha256:2b6b9893337bfd9166bee6a62c2b0c9fe7735dcf85948b387ec8cba30e85d8e8",
                "sha256:6703844a52d3588f951883005efcf555e49566a48afd4db4e965d69b883980d3",
                "sha256:a18d870ef2ffca2b8463c0070ad17b5978056f403fb64e3f15fe62a52db21cc0"
            ],
            "version": "==4.2.0"
        },
        "pluggy": {
            "editable": true,
            "git": "https://github.com/pytest-dev/pluggy@dcde058f93a509b9c39409fca02100e43bb43485"
        },
        "py": {
            "hashes": [
                "sha256:3fd59af7435864e1a243790d322d763925431213b6b8529c6ca71081ace3bbf7",
                "sha256:e31fb2767eb657cbde86c454f02e99cb846d3cd9d61b318525140214fdc0e98e"
            ],
            "version": "==1.5.4"
        },
        "pytest": {
            "hashes": [
                "sha256:0453c8676c2bee6feb0434748b068d5510273a916295fd61d306c4f22fbfd752",
                "sha256:4b208614ae6d98195430ad6bde03641c78553acee7c83cec2e85d613c0cd383d"
            ],
            "index": "pypi",
            "version": "==3.6.3"
        },
        "six": {
            "hashes": [
                "sha256:70e8a77beed4562e7f14fe23a786b54f6296e34344c23bc42f07b15018ff98e9",
                "sha256:832dc0e10feb1aa2c68dcc57dbb658f1c7e65b9b61af69048abc87a2db00a0eb"
            ],
            "version": "==1.11.0"
        }
    }
}
